
Microsoft Visual Studio Solution File, Format Version 12.00
# Visual Studio 14
VisualStudioVersion = 14.0.24720.0
MinimumVisualStudioVersion = 10.0.40219.1
Project("{8BC9CEB8-8B4A-11D0-8D11-00A0C91BC942}") = "testMQL4", "testMQL4.vcxproj", "{13D0A525-C4AC-4CA4-9DB4-79E8D0F99DA8}"
	ProjectSection(ProjectDependencies) = postProject
		{8164D41D-B053-405B-826C-CF37AC0EF176} = {8164D41D-B053-405B-826C-CF37AC0EF176}
	EndProjectSection
EndProject
Project("{8BC9CEB8-8B4A-11D0-8D11-00A0C91BC942}") = "Foundation", "..\..\poco-1.6.1-all\Foundation\Foundation_vs140.vcxproj", "{8164D41D-B053-405B-826C-CF37AC0EF176}"
EndProject
Global
	GlobalSection(SolutionConfigurationPlatforms) = preSolution
		debug_shared|x64 = debug_shared|x64
		debug_shared|x86 = debug_shared|x86
		debug_static_md|x64 = debug_static_md|x64
		debug_static_md|x86 = debug_static_md|x86
		debug_static_mt|x64 = debug_static_mt|x64
		debug_static_mt|x86 = debug_static_mt|x86
		Debug|x64 = Debug|x64
		Debug|x86 = Debug|x86
		release_shared|x64 = release_shared|x64
		release_shared|x86 = release_shared|x86
		release_static_md|x64 = release_static_md|x64
		release_static_md|x86 = release_static_md|x86
		release_static_mt|x64 = release_static_mt|x64
		release_static_mt|x86 = release_static_mt|x86
		Release|x64 = Release|x64
		Release|x86 = Release|x86
	EndGlobalSection
	GlobalSection(ProjectConfigurationPlatforms) = postSolution
		{13D0A525-C4AC-4CA4-9DB4-79E8D0F99DA8}.debug_shared|x64.ActiveCfg = Debug|x64
		{13D0A525-C4AC-4CA4-9DB4-79E8D0F99DA8}.debug_shared|x64.Build.0 = Debug|x64
		{13D0A525-C4AC-4CA4-9DB4-79E8D0F99DA8}.debug_shared|x86.ActiveCfg = Debug|Win32
		{13D0A525-C4AC-4CA4-9DB4-79E8D0F99DA8}.debug_shared|x86.Build.0 = Debug|Win32
		{13D0A525-C4AC-4CA4-9DB4-79E8D0F99DA8}.debug_static_md|x64.ActiveCfg = Debug|x64
		{13D0A525-C4AC-4CA4-9DB4-79E8D0F99DA8}.debug_static_md|x64.Build.0 = Debug|x64
		{13D0A525-C4AC-4CA4-9DB4-79E8D0F99DA8}.debug_static_md|x86.ActiveCfg = Debug|Win32
		{13D0A525-C4AC-4CA4-9DB4-79E8D0F99DA8}.debug_static_md|x86.Build.0 = Debug|Win32
		{13D0A525-C4AC-4CA4-9DB4-79E8D0F99DA8}.debug_static_mt|x64.ActiveCfg = Debug|x64
		{13D0A525-C4AC-4CA4-9DB4-79E8D0F99DA8}.debug_static_mt|x64.Build.0 = Debug|x64
		{13D0A525-C4AC-4CA4-9DB4-79E8D0F99DA8}.debug_static_mt|x86.ActiveCfg = Debug|Win32
		{13D0A525-C4AC-4CA4-9DB4-79E8D0F99DA8}.debug_static_mt|x86.Build.0 = Debug|Win32
		{13D0A525-C4AC-4CA4-9DB4-79E8D0F99DA8}.Debug|x64.ActiveCfg = Debug|x64
		{13D0A525-C4AC-4CA4-9DB4-79E8D0F99DA8}.Debug|x64.Build.0 = Debug|x64
		{13D0A525-C4AC-4CA4-9DB4-79E8D0F99DA8}.Debug|x86.ActiveCfg = Debug|Win32
		{13D0A525-C4AC-4CA4-9DB4-79E8D0F99DA8}.Debug|x86.Build.0 = Debug|Win32
		{13D0A525-C4AC-4CA4-9DB4-79E8D0F99DA8}.release_shared|x64.ActiveCfg = Release|x64
		{13D0A525-C4AC-4CA4-9DB4-79E8D0F99DA8}.release_shared|x64.Build.0 = Release|x64
		{13D0A525-C4AC-4CA4-9DB4-79E8D0F99DA8}.release_shared|x86.ActiveCfg = Release|Win32
		{13D0A525-C4AC-4CA4-9DB4-79E8D0F99DA8}.release_shared|x86.Build.0 = Release|Win32
		{13D0A525-C4AC-4CA4-9DB4-79E8D0F99DA8}.release_static_md|x64.ActiveCfg = Release|x64
		{13D0A525-C4AC-4CA4-9DB4-79E8D0F99DA8}.release_static_md|x64.Build.0 = Release|x64
		{13D0A525-C4AC-4CA4-9DB4-79E8D0F99DA8}.release_static_md|x86.ActiveCfg = Release|Win32
		{13D0A525-C4AC-4CA4-9DB4-79E8D0F99DA8}.release_static_md|x86.Build.0 = Release|Win32
		{13D0A525-C4AC-4CA4-9DB4-79E8D0F99DA8}.release_static_mt|x64.ActiveCfg = Release|x64
		{13D0A525-C4AC-4CA4-9DB4-79E8D0F99DA8}.release_static_mt|x64.Build.0 = Release|x64
		{13D0A525-C4AC-4CA4-9DB4-79E8D0F99DA8}.release_static_mt|x86.ActiveCfg = Release|Win32
		{13D0A525-C4AC-4CA4-9DB4-79E8D0F99DA8}.release_static_mt|x86.Build.0 = Release|Win32
		{13D0A525-C4AC-4CA4-9DB4-79E8D0F99DA8}.Release|x64.ActiveCfg = Release|x64
		{13D0A525-C4AC-4CA4-9DB4-79E8D0F99DA8}.Release|x64.Build.0 = Release|x64
		{13D0A525-C4AC-4CA4-9DB4-79E8D0F99DA8}.Release|x86.ActiveCfg = Release|Win32
		{13D0A525-C4AC-4CA4-9DB4-79E8D0F99DA8}.Release|x86.Build.0 = Release|Win32
		{8164D41D-B053-405B-826C-CF37AC0EF176}.debug_shared|x64.ActiveCfg = debug_shared|Win32
		{8164D41D-B053-405B-826C-CF37AC0EF176}.debug_shared|x86.ActiveCfg = debug_shared|Win32
		{8164D41D-B053-405B-826C-CF37AC0EF176}.debug_shared|x86.Build.0 = debug_shared|Win32
		{8164D41D-B053-405B-826C-CF37AC0EF176}.debug_static_md|x64.ActiveCfg = debug_static_md|Win32
		{8164D41D-B053-405B-826C-CF37AC0EF176}.debug_static_md|x86.ActiveCfg = debug_static_md|Win32
		{8164D41D-B053-405B-826C-CF37AC0EF176}.debug_static_md|x86.Build.0 = debug_static_md|Win32
		{8164D41D-B053-405B-826C-CF37AC0EF176}.debug_static_mt|x64.ActiveCfg = debug_static_mt|Win32
		{8164D41D-B053-405B-826C-CF37AC0EF176}.debug_static_mt|x86.ActiveCfg = debug_static_mt|Win32
		{8164D41D-B053-405B-826C-CF37AC0EF176}.debug_static_mt|x86.Build.0 = debug_static_mt|Win32
		{8164D41D-B053-405B-826C-CF37AC0EF176}.Debug|x64.ActiveCfg = debug_shared|Win32
		{8164D41D-B053-405B-826C-CF37AC0EF176}.Debug|x64.Build.0 = debug_shared|Win32
		{8164D41D-B053-405B-826C-CF37AC0EF176}.Debug|x86.ActiveCfg = debug_shared|Win32
		{8164D41D-B053-405B-826C-CF37AC0EF176}.Debug|x86.Build.0 = debug_shared|Win32
		{8164D41D-B053-405B-826C-CF37AC0EF176}.release_shared|x64.ActiveCfg = release_shared|Win32
		{8164D41D-B053-405B-826C-CF37AC0EF176}.release_shared|x86.ActiveCfg = release_shared|Win32
		{8164D41D-B053-405B-826C-CF37AC0EF176}.release_shared|x86.Build.0 = release_shared|Win32
		{8164D41D-B053-405B-826C-CF37AC0EF176}.release_static_md|x64.ActiveCfg = release_static_md|Win32
		{8164D41D-B053-405B-826C-CF37AC0EF176}.release_static_md|x86.ActiveCfg = release_static_md|Win32
		{8164D41D-B053-405B-826C-CF37AC0EF176}.release_static_md|x86.Build.0 = release_static_md|Win32
		{8164D41D-B053-405B-826C-CF37AC0EF176}.release_static_mt|x64.ActiveCfg = release_static_mt|Win32
		{8164D41D-B053-405B-826C-CF37AC0EF176}.release_static_mt|x86.ActiveCfg = release_static_mt|Win32
		{8164D41D-B053-405B-826C-CF37AC0EF176}.release_static_mt|x86.Build.0 = release_static_mt|Win32
		{8164D41D-B053-405B-826C-CF37AC0EF176}.Release|x64.ActiveCfg = debug_shared|Win32
		{8164D41D-B053-405B-826C-CF37AC0EF176}.Release|x64.Build.0 = debug_shared|Win32
		{8164D41D-B053-405B-826C-CF37AC0EF176}.Release|x86.ActiveCfg = release_static_mt|Win32
		{8164D41D-B053-405B-826C-CF37AC0EF176}.Release|x86.Build.0 = release_static_mt|Win32
	EndGlobalSection
	GlobalSection(SolutionProperties) = preSolution
		HideSolutionNode = FALSE
	EndGlobalSection
EndGlobal
